
Microsoft Visual Studio Solution File, Format Version 12.00
# Visual Studio Version 17
VisualStudioVersion = 17.7.34031.279
MinimumVisualStudioVersion = 10.0.40219.1
Project("{FAE04EC0-301F-11D3-BF4B-00C04F79EFBC}") = "TesteComOCris", "TesteComOCris.csproj", "{F5C8C964-5C4A-4112-A322-865390493E8B}"
EndProject
Global
	GlobalSection(SolutionConfigurationPlatforms) = preSolution
		Debug|Any CPU = Debug|Any CPU
		Release|Any CPU = Release|Any CPU
	EndGlobalSection
	GlobalSection(ProjectConfigurationPlatforms) = postSolution
		{F5C8C964-5C4A-4112-A322-865390493E8B}.Debug|Any CPU.ActiveCfg = Debug|Any CPU
		{F5C8C964-5C4A-4112-A322-865390493E8B}.Debug|Any CPU.Build.0 = Debug|Any CPU
		{F5C8C964-5C4A-4112-A322-865390493E8B}.Release|Any CPU.ActiveCfg = Release|Any CPU
		{F5C8C964-5C4A-4112-A322-865390493E8B}.Release|Any CPU.Build.0 = Release|Any CPU
	EndGlobalSection
	GlobalSection(SolutionProperties) = preSolution
		HideSolutionNode = FALSE
	EndGlobalSection
	GlobalSection(ExtensibilityGlobals) = postSolution
		SolutionGuid = {2FC9A019-380C-4BC1-89B2-0710A67A430E}
	EndGlobalSection
EndGlobal
